{
    "name": "hacknyc-peregrine-backend",
    "version": "0.1.0",
    "lockfileVersion": 3,
    "requires": true,
    "packages": {
        "": {
            "name": "hacknyc-peregrine-backend",
            "version": "0.1.0",
            "dependencies": {
                "cohere-ai": "^6.1.0"
            }
        },
        "node_modules/cohere-ai": {
            "version": "6.1.0",
            "resolved": "https://registry.npmjs.org/cohere-ai/-/cohere-ai-6.1.0.tgz",
            "integrity": "sha512-1hx13cEB0QqxkW213JhAOw8Q2jzCeo6GUFSQ5lsOQPNtDFhSZZusTD/+DcAvd8IVw2y/Cm+pfK3tofPngVG3BA=="
        }
    }
}
